{
  "nodes": {
    "floco": {
      "inputs": {
        "nixpkgs": [
          "nixpkgs"
        ]
      },
      "locked": {
        "lastModified": 1694873346,
        "narHash": "sha256-Uvh03bg0a6ZnNWiX1Gb8g+m343wSJ/wb8ryUASt0loc=",
        "owner": "aakropotkin",
        "repo": "floco",
        "rev": "d16bd444ab9d29a6640f52ee4e43a66528e07515",
        "type": "github"
      },
      "original": {
        "owner": "aakropotkin",
        "repo": "floco",
        "type": "github"
      }
    },
    "nixpkgs": {
      "locked": {
        "lastModified": 1699882182,
        "narHash": "sha256-6RVUYyMPdKFrNFHTDfzH6p90+8mG5dXIavlF95pl7A4=",
        "owner": "NixOS",
        "repo": "nixpkgs",
        "rev": "5e68ba52abc572bd570b80503cdca5b137b5a594",
        "type": "github"
      },
      "original": {
        "owner": "NixOS",
        "ref": "release-23.05",
        "repo": "nixpkgs",
        "type": "github"
      }
    },
    "root": {
      "inputs": {
        "floco": "floco",
        "nixpkgs": "nixpkgs",
        "sqlite3pp": "sqlite3pp"
      }
    },
    "sqlite3pp": {
      "inputs": {
        "nixpkgs": [
          "nixpkgs"
        ]
      },
      "locked": {
        "lastModified": 1691154329,
        "narHash": "sha256-nMtwh/G1/Zt70rl540jn+nFVJuju0NdXJwk2Y3pNB+k=",
        "owner": "aakropotkin",
        "repo": "sqlite3pp",
        "rev": "775e48a6c7a63a51585cd628f6c9816ba634a246",
        "type": "github"
      },
      "original": {
        "owner": "aakropotkin",
        "repo": "sqlite3pp",
        "type": "github"
      }
    }
  },
  "root": "root",
  "version": 7
}
